
Microsoft Visual Studio Solution File, Format Version 12.00
# Visual Studio Version 16
VisualStudioVersion = 16.0.31129.286
MinimumVisualStudioVersion = 10.0.40219.1
Project("{9A19103F-16F7-4668-BE54-9A1E7A4F7556}") = "OpenHabWebAppA", "OpenHabWebAppA\OpenHabWebAppA.csproj", "{4612D355-6AD4-4AF9-A44F-D339232DAE3E}"
EndProject
Project("{9A19103F-16F7-4668-BE54-9A1E7A4F7556}") = "OpenHabWebApp.Domain", "OpenHabWebApp.Domain\OpenHabWebApp.Domain.csproj", "{22AA0089-24A6-44CA-ABCF-06E663FA24BC}"
EndProject
Project("{9A19103F-16F7-4668-BE54-9A1E7A4F7556}") = "OpenHabWebApp.Data", "OpenHabWebApp.Data\OpenHabWebApp.Data.csproj", "{59AC5697-F8D9-4DAA-A271-F612E2DA6D0C}"
EndProject
Global
	GlobalSection(SolutionConfigurationPlatforms) = preSolution
		Debug|Any CPU = Debug|Any CPU
		Release|Any CPU = Release|Any CPU
	EndGlobalSection
	GlobalSection(ProjectConfigurationPlatforms) = postSolution
		{4612D355-6AD4-4AF9-A44F-D339232DAE3E}.Debug|Any CPU.ActiveCfg = Debug|Any CPU
		{4612D355-6AD4-4AF9-A44F-D339232DAE3E}.Debug|Any CPU.Build.0 = Debug|Any CPU
		{4612D355-6AD4-4AF9-A44F-D339232DAE3E}.Release|Any CPU.ActiveCfg = Release|Any CPU
		{4612D355-6AD4-4AF9-A44F-D339232DAE3E}.Release|Any CPU.Build.0 = Release|Any CPU
		{22AA0089-24A6-44CA-ABCF-06E663FA24BC}.Debug|Any CPU.ActiveCfg = Debug|Any CPU
		{22AA0089-24A6-44CA-ABCF-06E663FA24BC}.Debug|Any CPU.Build.0 = Debug|Any CPU
		{22AA0089-24A6-44CA-ABCF-06E663FA24BC}.Release|Any CPU.ActiveCfg = Release|Any CPU
		{22AA0089-24A6-44CA-ABCF-06E663FA24BC}.Release|Any CPU.Build.0 = Release|Any CPU
		{59AC5697-F8D9-4DAA-A271-F612E2DA6D0C}.Debug|Any CPU.ActiveCfg = Debug|Any CPU
		{59AC5697-F8D9-4DAA-A271-F612E2DA6D0C}.Debug|Any CPU.Build.0 = Debug|Any CPU
		{59AC5697-F8D9-4DAA-A271-F612E2DA6D0C}.Release|Any CPU.ActiveCfg = Release|Any CPU
		{59AC5697-F8D9-4DAA-A271-F612E2DA6D0C}.Release|Any CPU.Build.0 = Release|Any CPU
	EndGlobalSection
	GlobalSection(SolutionProperties) = preSolution
		HideSolutionNode = FALSE
	EndGlobalSection
	GlobalSection(ExtensibilityGlobals) = postSolution
		SolutionGuid = {909559CE-14C0-4B84-86DB-3358352E2EBB}
	EndGlobalSection
EndGlobal
